$ANSIBLE_VAULT;1.1;AES256
62646431393231336534356130656163386461663038313563346265363638643764366164616232
3962353664323263656431303034333936353530373733660a323763643435643232333436383862
38613537313039646161343234636234303363643531653832393430343638656534616432303934
6162643766326330350a346664646564653331343763666134646633306335313430313465633934
64353430393266663261333039656532393334636335636239303366653132353931
